
Microsoft Visual Studio Solution File, Format Version 12.00
# Visual Studio 14
VisualStudioVersion = 14.0.24720.0
MinimumVisualStudioVersion = 10.0.40219.1
Project("{FAE04EC0-301F-11D3-BF4B-00C04F79EFBC}") = "MyCanvas", "MyCanvas\MyCanvas.csproj", "{A9882A4E-515D-456F-87BF-6D1F8E5BBD1F}"
EndProject
Global
	GlobalSection(SolutionConfigurationPlatforms) = preSolution
		Debug|Any CPU = Debug|Any CPU
		Release|Any CPU = Release|Any CPU
	EndGlobalSection
	GlobalSection(ProjectConfigurationPlatforms) = postSolution
		{A9882A4E-515D-456F-87BF-6D1F8E5BBD1F}.Debug|Any CPU.ActiveCfg = Debug|Any CPU
		{A9882A4E-515D-456F-87BF-6D1F8E5BBD1F}.Debug|Any CPU.Build.0 = Debug|Any CPU
		{A9882A4E-515D-456F-87BF-6D1F8E5BBD1F}.Release|Any CPU.ActiveCfg = Release|Any CPU
		{A9882A4E-515D-456F-87BF-6D1F8E5BBD1F}.Release|Any CPU.Build.0 = Release|Any CPU
	EndGlobalSection
	GlobalSection(SolutionProperties) = preSolution
		HideSolutionNode = FALSE
	EndGlobalSection
EndGlobal
